
Microsoft Visual Studio Solution File, Format Version 12.00
# Visual Studio Version 17
VisualStudioVersion = 17.5.33530.505
MinimumVisualStudioVersion = 10.0.40219.1
Project("{9A19103F-16F7-4668-BE54-9A1E7A4F7556}") = "SqlServerAPI", "SqlServerAPI\SqlServerAPI.csproj", "{2A60C174-A1E8-4388-A358-97AD73A87F4B}"
EndProject
Project("{9A19103F-16F7-4668-BE54-9A1E7A4F7556}") = "SQLServerAPITests", "SQLServerAPITests\SQLServerAPITests.csproj", "{C4385608-1CE5-40C2-8B72-4A992E81FBEC}"
EndProject
Project("{2150E333-8FDC-42A3-9474-1A3956D46DE8}") = "Solution Items", "Solution Items", "{AF80818F-E9AE-4FEC-8CC9-1A91E21AEA05}"
	ProjectSection(SolutionItems) = preProject
		README.md = README.md
	EndProjectSection
EndProject
Global
	GlobalSection(SolutionConfigurationPlatforms) = preSolution
		Debug|Any CPU = Debug|Any CPU
		Release|Any CPU = Release|Any CPU
	EndGlobalSection
	GlobalSection(ProjectConfigurationPlatforms) = postSolution
		{2A60C174-A1E8-4388-A358-97AD73A87F4B}.Debug|Any CPU.ActiveCfg = Debug|Any CPU
		{2A60C174-A1E8-4388-A358-97AD73A87F4B}.Debug|Any CPU.Build.0 = Debug|Any CPU
		{2A60C174-A1E8-4388-A358-97AD73A87F4B}.Release|Any CPU.ActiveCfg = Release|Any CPU
		{2A60C174-A1E8-4388-A358-97AD73A87F4B}.Release|Any CPU.Build.0 = Release|Any CPU
		{C4385608-1CE5-40C2-8B72-4A992E81FBEC}.Debug|Any CPU.ActiveCfg = Debug|Any CPU
		{C4385608-1CE5-40C2-8B72-4A992E81FBEC}.Debug|Any CPU.Build.0 = Debug|Any CPU
		{C4385608-1CE5-40C2-8B72-4A992E81FBEC}.Release|Any CPU.ActiveCfg = Release|Any CPU
		{C4385608-1CE5-40C2-8B72-4A992E81FBEC}.Release|Any CPU.Build.0 = Release|Any CPU
	EndGlobalSection
	GlobalSection(SolutionProperties) = preSolution
		HideSolutionNode = FALSE
	EndGlobalSection
	GlobalSection(ExtensibilityGlobals) = postSolution
		SolutionGuid = {0304DBC1-DAB4-4B9D-98E5-4BB6A3CC2243}
	EndGlobalSection
EndGlobal
